
Microsoft Visual Studio Solution File, Format Version 12.00
# Visual Studio Version 17
VisualStudioVersion = 17.8.34408.163
MinimumVisualStudioVersion = 10.0.40219.1
Project("{9A19103F-16F7-4668-BE54-9A1E7A4F7556}") = "CloudMining.Api", "src\CloudMining.Api\CloudMining.Api.csproj", "{3842C04B-59B0-465F-AC1E-3DD0DE0CDCDA}"
EndProject
Project("{2150E333-8FDC-42A3-9474-1A3956D46DE8}") = "Modules", "Modules", "{0B22F2C6-AFDD-4003-87D3-FC6041E4DA5E}"
EndProject
Project("{2150E333-8FDC-42A3-9474-1A3956D46DE8}") = "Users", "Users", "{B2FE9765-9998-4724-85F0-7D03CB5A7A26}"
EndProject
Project("{2150E333-8FDC-42A3-9474-1A3956D46DE8}") = "Notifications", "Notifications", "{5E8BFC4F-669E-490F-B565-A44382A8E376}"
EndProject
Project("{2150E333-8FDC-42A3-9474-1A3956D46DE8}") = "Payments", "Payments", "{931DA907-804B-4C01-A04C-A499DF4C7247}"
EndProject
Project("{FAE04EC0-301F-11D3-BF4B-00C04F79EFBC}") = "Modules.Users.Application", "Modules.Users.Application\Modules.Users.Application.csproj", "{35CA6761-82AF-447B-8F2D-D12D14B6E004}"
EndProject
Project("{FAE04EC0-301F-11D3-BF4B-00C04F79EFBC}") = "Modules.Users.Domain", "Modules.Users.Domain\Modules.Users.Domain.csproj", "{40FD171B-2BF3-4B95-A6C0-74AA9ADF8426}"
EndProject
Project("{FAE04EC0-301F-11D3-BF4B-00C04F79EFBC}") = "Modules.Users.Infrastructure", "Modules.Users.Infrastructure\Modules.Users.Infrastructure.csproj", "{1E20A182-28C8-4AB0-B010-FE97E97DAE38}"
EndProject
Project("{FAE04EC0-301F-11D3-BF4B-00C04F79EFBC}") = "Modules.Users.Contracts", "Modules.Users.Contracts\Modules.Users.Contracts.csproj", "{3BF58942-E607-44D9-9767-5E9DC85C75D2}"
EndProject
Project("{FAE04EC0-301F-11D3-BF4B-00C04F79EFBC}") = "Modules.Notifications.Contracts", "Modules.Notifications.Contracts\Modules.Notifications.Contracts.csproj", "{67656DE4-3CB2-4EC8-9AA0-811BA643C82D}"
EndProject
Project("{2150E333-8FDC-42A3-9474-1A3956D46DE8}") = "Currencies", "Currencies", "{85F021C7-DF46-484F-9226-54FAA8DEB0F0}"
EndProject
Project("{FAE04EC0-301F-11D3-BF4B-00C04F79EFBC}") = "Modules.Currencies.Contracts", "Modules.Currencies.Contracts\Modules.Currencies.Contracts.csproj", "{71442BAC-B3AF-4BB2-8EFE-60F61366E2D3}"
EndProject
Project("{FAE04EC0-301F-11D3-BF4B-00C04F79EFBC}") = "Modules.Notifications.Application", "Modules.Notifications.Application\Modules.Notifications.Application.csproj", "{1DE3AECE-087B-4BFC-8A09-CE4E95DCEBB8}"
EndProject
Project("{2150E333-8FDC-42A3-9474-1A3956D46DE8}") = "MarketData", "MarketData", "{4732DA02-F1A7-46E2-A478-2B4511025B7E}"
EndProject
Project("{FAE04EC0-301F-11D3-BF4B-00C04F79EFBC}") = "Modules.MarketData.Contracts", "Modules.MarketData.Contracts\Modules.MarketData.Contracts.csproj", "{600FDF61-2C47-4148-B1FB-B509D44FF24B}"
EndProject
Project("{FAE04EC0-301F-11D3-BF4B-00C04F79EFBC}") = "Modules.MarketData.Application", "Modules.MarketData.Application\Modules.MarketData.Application.csproj", "{D366EF1A-A7AB-4439-A966-B2EDED8552D0}"
EndProject
Project("{FAE04EC0-301F-11D3-BF4B-00C04F79EFBC}") = "Modules.Payments.Application", "Modules.Payments.Application\Modules.Payments.Application.csproj", "{28CB3CF8-4027-4F01-8E9D-26C07A3C2BBF}"
EndProject
Project("{FAE04EC0-301F-11D3-BF4B-00C04F79EFBC}") = "Modules.Payments.Contracts", "Modules.Payments.Contracts\Modules.Payments.Contracts.csproj", "{7AFE6CF0-AA3F-461A-9F74-4ED81CCD2833}"
EndProject
Project("{FAE04EC0-301F-11D3-BF4B-00C04F79EFBC}") = "CloudMining.Shared", "CloudMining.Shared\CloudMining.Shared.csproj", "{E161D243-CE35-4CE8-9F62-26D221F1AB00}"
EndProject
Project("{FAE04EC0-301F-11D3-BF4B-00C04F79EFBC}") = "Modules.Currencies.Application", "Modules.Currencies.Application\Modules.Currencies.Application.csproj", "{5355895C-E0BB-4379-9583-B7BCDE943CC7}"
EndProject
Project("{FAE04EC0-301F-11D3-BF4B-00C04F79EFBC}") = "Modules.Users.Api", "Modules.Users.Api\Modules.Users.Api.csproj", "{33932714-CB4A-4497-B14F-DB87092B2CB0}"
EndProject
Project("{FAE04EC0-301F-11D3-BF4B-00C04F79EFBC}") = "Modules.Payments.Api", "Modules.Payments.Api\Modules.Payments.Api.csproj", "{DABF8E04-844F-4AF8-98FD-2C20F47D07FD}"
EndProject
Project("{FAE04EC0-301F-11D3-BF4B-00C04F79EFBC}") = "Modules.Notifications.Api", "Modules.Notifications.Api\Modules.Notifications.Api.csproj", "{9EB893BD-1326-4697-AAD5-0B56EFA96758}"
EndProject
Project("{FAE04EC0-301F-11D3-BF4B-00C04F79EFBC}") = "Modules.MarketData.Infrastructure", "Modules.MarketData.Infrastructure\Modules.MarketData.Infrastructure.csproj", "{729AA6B0-C050-4347-B699-3EBFFE87BB62}"
EndProject
Project("{FAE04EC0-301F-11D3-BF4B-00C04F79EFBC}") = "Modules.Payments.Infrastructure", "Modules.Payments.Infrastructure\Modules.Payments.Infrastructure.csproj", "{A8AC9BAA-2183-41A6-986C-E6E52E2DAC09}"
EndProject
Project("{FAE04EC0-301F-11D3-BF4B-00C04F79EFBC}") = "Modules.Currencies.Domain", "Modules.Currencies.Domain\Modules.Currencies.Domain.csproj", "{C3AC2210-8460-409C-A9C4-00C82A45524B}"
EndProject
Project("{FAE04EC0-301F-11D3-BF4B-00C04F79EFBC}") = "Modules.Payments.Domain", "Modules.Payments.Domain\Modules.Payments.Domain.csproj", "{FBA7727A-5786-4E2B-9D41-912C33571834}"
EndProject
Project("{FAE04EC0-301F-11D3-BF4B-00C04F79EFBC}") = "Modules.MarketData.Domain", "Modules.MarketData.Domain\Modules.MarketData.Domain.csproj", "{59CE34C8-9CC7-4C2D-A3C9-D1D36A4483EF}"
EndProject
Project("{FAE04EC0-301F-11D3-BF4B-00C04F79EFBC}") = "Modules.Notifications.Domain", "Modules.Notifications.Domain\Modules.Notifications.Domain.csproj", "{7F93FBB3-853D-4737-B75F-BB8EBF3AEDA4}"
EndProject
Project("{FAE04EC0-301F-11D3-BF4B-00C04F79EFBC}") = "CloudMining.Domain", "CloudMining.Domain\CloudMining.Domain.csproj", "{F5C7D1DB-60F5-48B9-81B5-D359CD3E67C6}"
EndProject
Project("{FAE04EC0-301F-11D3-BF4B-00C04F79EFBC}") = "Modules.Currencies.Infrastructure", "Modules.Currencies.Infrastructure\Modules.Currencies.Infrastructure.csproj", "{E580A34A-4AE1-4877-BEE4-B92BA6542B93}"
EndProject
Project("{FAE04EC0-301F-11D3-BF4B-00C04F79EFBC}") = "Modules.Notifications.Infrastructure", "Modules.Notifications.Infrastructure\Modules.Notifications.Infrastructure.csproj", "{C42C063F-1891-4F62-B6D5-8DDFDA3F0D2F}"
EndProject
Global
	GlobalSection(SolutionConfigurationPlatforms) = preSolution
		Debug|Any CPU = Debug|Any CPU
		Release|Any CPU = Release|Any CPU
	EndGlobalSection
	GlobalSection(ProjectConfigurationPlatforms) = postSolution
		{3842C04B-59B0-465F-AC1E-3DD0DE0CDCDA}.Debug|Any CPU.ActiveCfg = Debug|Any CPU
		{3842C04B-59B0-465F-AC1E-3DD0DE0CDCDA}.Debug|Any CPU.Build.0 = Debug|Any CPU
		{3842C04B-59B0-465F-AC1E-3DD0DE0CDCDA}.Release|Any CPU.ActiveCfg = Release|Any CPU
		{3842C04B-59B0-465F-AC1E-3DD0DE0CDCDA}.Release|Any CPU.Build.0 = Release|Any CPU
		{35CA6761-82AF-447B-8F2D-D12D14B6E004}.Debug|Any CPU.ActiveCfg = Debug|Any CPU
		{35CA6761-82AF-447B-8F2D-D12D14B6E004}.Debug|Any CPU.Build.0 = Debug|Any CPU
		{35CA6761-82AF-447B-8F2D-D12D14B6E004}.Release|Any CPU.ActiveCfg = Release|Any CPU
		{35CA6761-82AF-447B-8F2D-D12D14B6E004}.Release|Any CPU.Build.0 = Release|Any CPU
		{40FD171B-2BF3-4B95-A6C0-74AA9ADF8426}.Debug|Any CPU.ActiveCfg = Debug|Any CPU
		{40FD171B-2BF3-4B95-A6C0-74AA9ADF8426}.Debug|Any CPU.Build.0 = Debug|Any CPU
		{40FD171B-2BF3-4B95-A6C0-74AA9ADF8426}.Release|Any CPU.ActiveCfg = Release|Any CPU
		{40FD171B-2BF3-4B95-A6C0-74AA9ADF8426}.Release|Any CPU.Build.0 = Release|Any CPU
		{1E20A182-28C8-4AB0-B010-FE97E97DAE38}.Debug|Any CPU.ActiveCfg = Debug|Any CPU
		{1E20A182-28C8-4AB0-B010-FE97E97DAE38}.Debug|Any CPU.Build.0 = Debug|Any CPU
		{1E20A182-28C8-4AB0-B010-FE97E97DAE38}.Release|Any CPU.ActiveCfg = Release|Any CPU
		{1E20A182-28C8-4AB0-B010-FE97E97DAE38}.Release|Any CPU.Build.0 = Release|Any CPU
		{3BF58942-E607-44D9-9767-5E9DC85C75D2}.Debug|Any CPU.ActiveCfg = Debug|Any CPU
		{3BF58942-E607-44D9-9767-5E9DC85C75D2}.Debug|Any CPU.Build.0 = Debug|Any CPU
		{3BF58942-E607-44D9-9767-5E9DC85C75D2}.Release|Any CPU.ActiveCfg = Release|Any CPU
		{3BF58942-E607-44D9-9767-5E9DC85C75D2}.Release|Any CPU.Build.0 = Release|Any CPU
		{67656DE4-3CB2-4EC8-9AA0-811BA643C82D}.Debug|Any CPU.ActiveCfg = Debug|Any CPU
		{67656DE4-3CB2-4EC8-9AA0-811BA643C82D}.Debug|Any CPU.Build.0 = Debug|Any CPU
		{67656DE4-3CB2-4EC8-9AA0-811BA643C82D}.Release|Any CPU.ActiveCfg = Release|Any CPU
		{67656DE4-3CB2-4EC8-9AA0-811BA643C82D}.Release|Any CPU.Build.0 = Release|Any CPU
		{71442BAC-B3AF-4BB2-8EFE-60F61366E2D3}.Debug|Any CPU.ActiveCfg = Debug|Any CPU
		{71442BAC-B3AF-4BB2-8EFE-60F61366E2D3}.Debug|Any CPU.Build.0 = Debug|Any CPU
		{71442BAC-B3AF-4BB2-8EFE-60F61366E2D3}.Release|Any CPU.ActiveCfg = Release|Any CPU
		{71442BAC-B3AF-4BB2-8EFE-60F61366E2D3}.Release|Any CPU.Build.0 = Release|Any CPU
		{1DE3AECE-087B-4BFC-8A09-CE4E95DCEBB8}.Debug|Any CPU.ActiveCfg = Debug|Any CPU
		{1DE3AECE-087B-4BFC-8A09-CE4E95DCEBB8}.Debug|Any CPU.Build.0 = Debug|Any CPU
		{1DE3AECE-087B-4BFC-8A09-CE4E95DCEBB8}.Release|Any CPU.ActiveCfg = Release|Any CPU
		{1DE3AECE-087B-4BFC-8A09-CE4E95DCEBB8}.Release|Any CPU.Build.0 = Release|Any CPU
		{600FDF61-2C47-4148-B1FB-B509D44FF24B}.Debug|Any CPU.ActiveCfg = Debug|Any CPU
		{600FDF61-2C47-4148-B1FB-B509D44FF24B}.Debug|Any CPU.Build.0 = Debug|Any CPU
		{600FDF61-2C47-4148-B1FB-B509D44FF24B}.Release|Any CPU.ActiveCfg = Release|Any CPU
		{600FDF61-2C47-4148-B1FB-B509D44FF24B}.Release|Any CPU.Build.0 = Release|Any CPU
		{D366EF1A-A7AB-4439-A966-B2EDED8552D0}.Debug|Any CPU.ActiveCfg = Debug|Any CPU
		{D366EF1A-A7AB-4439-A966-B2EDED8552D0}.Debug|Any CPU.Build.0 = Debug|Any CPU
		{D366EF1A-A7AB-4439-A966-B2EDED8552D0}.Release|Any CPU.ActiveCfg = Release|Any CPU
		{D366EF1A-A7AB-4439-A966-B2EDED8552D0}.Release|Any CPU.Build.0 = Release|Any CPU
		{28CB3CF8-4027-4F01-8E9D-26C07A3C2BBF}.Debug|Any CPU.ActiveCfg = Debug|Any CPU
		{28CB3CF8-4027-4F01-8E9D-26C07A3C2BBF}.Debug|Any CPU.Build.0 = Debug|Any CPU
		{28CB3CF8-4027-4F01-8E9D-26C07A3C2BBF}.Release|Any CPU.ActiveCfg = Release|Any CPU
		{28CB3CF8-4027-4F01-8E9D-26C07A3C2BBF}.Release|Any CPU.Build.0 = Release|Any CPU
		{7AFE6CF0-AA3F-461A-9F74-4ED81CCD2833}.Debug|Any CPU.ActiveCfg = Debug|Any CPU
		{7AFE6CF0-AA3F-461A-9F74-4ED81CCD2833}.Debug|Any CPU.Build.0 = Debug|Any CPU
		{7AFE6CF0-AA3F-461A-9F74-4ED81CCD2833}.Release|Any CPU.ActiveCfg = Release|Any CPU
		{7AFE6CF0-AA3F-461A-9F74-4ED81CCD2833}.Release|Any CPU.Build.0 = Release|Any CPU
		{E161D243-CE35-4CE8-9F62-26D221F1AB00}.Debug|Any CPU.ActiveCfg = Debug|Any CPU
		{E161D243-CE35-4CE8-9F62-26D221F1AB00}.Debug|Any CPU.Build.0 = Debug|Any CPU
		{E161D243-CE35-4CE8-9F62-26D221F1AB00}.Release|Any CPU.ActiveCfg = Release|Any CPU
		{E161D243-CE35-4CE8-9F62-26D221F1AB00}.Release|Any CPU.Build.0 = Release|Any CPU
		{5355895C-E0BB-4379-9583-B7BCDE943CC7}.Debug|Any CPU.ActiveCfg = Debug|Any CPU
		{5355895C-E0BB-4379-9583-B7BCDE943CC7}.Debug|Any CPU.Build.0 = Debug|Any CPU
		{5355895C-E0BB-4379-9583-B7BCDE943CC7}.Release|Any CPU.ActiveCfg = Release|Any CPU
		{5355895C-E0BB-4379-9583-B7BCDE943CC7}.Release|Any CPU.Build.0 = Release|Any CPU
		{33932714-CB4A-4497-B14F-DB87092B2CB0}.Debug|Any CPU.ActiveCfg = Debug|Any CPU
		{33932714-CB4A-4497-B14F-DB87092B2CB0}.Debug|Any CPU.Build.0 = Debug|Any CPU
		{33932714-CB4A-4497-B14F-DB87092B2CB0}.Release|Any CPU.ActiveCfg = Release|Any CPU
		{33932714-CB4A-4497-B14F-DB87092B2CB0}.Release|Any CPU.Build.0 = Release|Any CPU
		{DABF8E04-844F-4AF8-98FD-2C20F47D07FD}.Debug|Any CPU.ActiveCfg = Debug|Any CPU
		{DABF8E04-844F-4AF8-98FD-2C20F47D07FD}.Debug|Any CPU.Build.0 = Debug|Any CPU
		{DABF8E04-844F-4AF8-98FD-2C20F47D07FD}.Release|Any CPU.ActiveCfg = Release|Any CPU
		{DABF8E04-844F-4AF8-98FD-2C20F47D07FD}.Release|Any CPU.Build.0 = Release|Any CPU
		{9EB893BD-1326-4697-AAD5-0B56EFA96758}.Debug|Any CPU.ActiveCfg = Debug|Any CPU
		{9EB893BD-1326-4697-AAD5-0B56EFA96758}.Debug|Any CPU.Build.0 = Debug|Any CPU
		{9EB893BD-1326-4697-AAD5-0B56EFA96758}.Release|Any CPU.ActiveCfg = Release|Any CPU
		{9EB893BD-1326-4697-AAD5-0B56EFA96758}.Release|Any CPU.Build.0 = Release|Any CPU
		{729AA6B0-C050-4347-B699-3EBFFE87BB62}.Debug|Any CPU.ActiveCfg = Debug|Any CPU
		{729AA6B0-C050-4347-B699-3EBFFE87BB62}.Debug|Any CPU.Build.0 = Debug|Any CPU
		{729AA6B0-C050-4347-B699-3EBFFE87BB62}.Release|Any CPU.ActiveCfg = Release|Any CPU
		{729AA6B0-C050-4347-B699-3EBFFE87BB62}.Release|Any CPU.Build.0 = Release|Any CPU
		{A8AC9BAA-2183-41A6-986C-E6E52E2DAC09}.Debug|Any CPU.ActiveCfg = Debug|Any CPU
		{A8AC9BAA-2183-41A6-986C-E6E52E2DAC09}.Debug|Any CPU.Build.0 = Debug|Any CPU
		{A8AC9BAA-2183-41A6-986C-E6E52E2DAC09}.Release|Any CPU.ActiveCfg = Release|Any CPU
		{A8AC9BAA-2183-41A6-986C-E6E52E2DAC09}.Release|Any CPU.Build.0 = Release|Any CPU
		{C3AC2210-8460-409C-A9C4-00C82A45524B}.Debug|Any CPU.ActiveCfg = Debug|Any CPU
		{C3AC2210-8460-409C-A9C4-00C82A45524B}.Debug|Any CPU.Build.0 = Debug|Any CPU
		{C3AC2210-8460-409C-A9C4-00C82A45524B}.Release|Any CPU.ActiveCfg = Release|Any CPU
		{C3AC2210-8460-409C-A9C4-00C82A45524B}.Release|Any CPU.Build.0 = Release|Any CPU
		{FBA7727A-5786-4E2B-9D41-912C33571834}.Debug|Any CPU.ActiveCfg = Debug|Any CPU
		{FBA7727A-5786-4E2B-9D41-912C33571834}.Debug|Any CPU.Build.0 = Debug|Any CPU
		{FBA7727A-5786-4E2B-9D41-912C33571834}.Release|Any CPU.ActiveCfg = Release|Any CPU
		{FBA7727A-5786-4E2B-9D41-912C33571834}.Release|Any CPU.Build.0 = Release|Any CPU
		{59CE34C8-9CC7-4C2D-A3C9-D1D36A4483EF}.Debug|Any CPU.ActiveCfg = Debug|Any CPU
		{59CE34C8-9CC7-4C2D-A3C9-D1D36A4483EF}.Debug|Any CPU.Build.0 = Debug|Any CPU
		{59CE34C8-9CC7-4C2D-A3C9-D1D36A4483EF}.Release|Any CPU.ActiveCfg = Release|Any CPU
		{59CE34C8-9CC7-4C2D-A3C9-D1D36A4483EF}.Release|Any CPU.Build.0 = Release|Any CPU
		{7F93FBB3-853D-4737-B75F-BB8EBF3AEDA4}.Debug|Any CPU.ActiveCfg = Debug|Any CPU
		{7F93FBB3-853D-4737-B75F-BB8EBF3AEDA4}.Debug|Any CPU.Build.0 = Debug|Any CPU
		{7F93FBB3-853D-4737-B75F-BB8EBF3AEDA4}.Release|Any CPU.ActiveCfg = Release|Any CPU
		{7F93FBB3-853D-4737-B75F-BB8EBF3AEDA4}.Release|Any CPU.Build.0 = Release|Any CPU
		{F5C7D1DB-60F5-48B9-81B5-D359CD3E67C6}.Debug|Any CPU.ActiveCfg = Debug|Any CPU
		{F5C7D1DB-60F5-48B9-81B5-D359CD3E67C6}.Debug|Any CPU.Build.0 = Debug|Any CPU
		{F5C7D1DB-60F5-48B9-81B5-D359CD3E67C6}.Release|Any CPU.ActiveCfg = Release|Any CPU
		{F5C7D1DB-60F5-48B9-81B5-D359CD3E67C6}.Release|Any CPU.Build.0 = Release|Any CPU
		{E580A34A-4AE1-4877-BEE4-B92BA6542B93}.Debug|Any CPU.ActiveCfg = Debug|Any CPU
		{E580A34A-4AE1-4877-BEE4-B92BA6542B93}.Debug|Any CPU.Build.0 = Debug|Any CPU
		{E580A34A-4AE1-4877-BEE4-B92BA6542B93}.Release|Any CPU.ActiveCfg = Release|Any CPU
		{E580A34A-4AE1-4877-BEE4-B92BA6542B93}.Release|Any CPU.Build.0 = Release|Any CPU
		{C42C063F-1891-4F62-B6D5-8DDFDA3F0D2F}.Debug|Any CPU.ActiveCfg = Debug|Any CPU
		{C42C063F-1891-4F62-B6D5-8DDFDA3F0D2F}.Debug|Any CPU.Build.0 = Debug|Any CPU
		{C42C063F-1891-4F62-B6D5-8DDFDA3F0D2F}.Release|Any CPU.ActiveCfg = Release|Any CPU
		{C42C063F-1891-4F62-B6D5-8DDFDA3F0D2F}.Release|Any CPU.Build.0 = Release|Any CPU
	EndGlobalSection
	GlobalSection(SolutionProperties) = preSolution
		HideSolutionNode = FALSE
	EndGlobalSection
	GlobalSection(NestedProjects) = preSolution
		{B2FE9765-9998-4724-85F0-7D03CB5A7A26} = {0B22F2C6-AFDD-4003-87D3-FC6041E4DA5E}
		{5E8BFC4F-669E-490F-B565-A44382A8E376} = {0B22F2C6-AFDD-4003-87D3-FC6041E4DA5E}
		{931DA907-804B-4C01-A04C-A499DF4C7247} = {0B22F2C6-AFDD-4003-87D3-FC6041E4DA5E}
		{35CA6761-82AF-447B-8F2D-D12D14B6E004} = {B2FE9765-9998-4724-85F0-7D03CB5A7A26}
		{40FD171B-2BF3-4B95-A6C0-74AA9ADF8426} = {B2FE9765-9998-4724-85F0-7D03CB5A7A26}
		{1E20A182-28C8-4AB0-B010-FE97E97DAE38} = {B2FE9765-9998-4724-85F0-7D03CB5A7A26}
		{3BF58942-E607-44D9-9767-5E9DC85C75D2} = {B2FE9765-9998-4724-85F0-7D03CB5A7A26}
		{67656DE4-3CB2-4EC8-9AA0-811BA643C82D} = {5E8BFC4F-669E-490F-B565-A44382A8E376}
		{85F021C7-DF46-484F-9226-54FAA8DEB0F0} = {0B22F2C6-AFDD-4003-87D3-FC6041E4DA5E}
		{71442BAC-B3AF-4BB2-8EFE-60F61366E2D3} = {85F021C7-DF46-484F-9226-54FAA8DEB0F0}
		{1DE3AECE-087B-4BFC-8A09-CE4E95DCEBB8} = {5E8BFC4F-669E-490F-B565-A44382A8E376}
		{4732DA02-F1A7-46E2-A478-2B4511025B7E} = {0B22F2C6-AFDD-4003-87D3-FC6041E4DA5E}
		{600FDF61-2C47-4148-B1FB-B509D44FF24B} = {4732DA02-F1A7-46E2-A478-2B4511025B7E}
		{D366EF1A-A7AB-4439-A966-B2EDED8552D0} = {4732DA02-F1A7-46E2-A478-2B4511025B7E}
		{28CB3CF8-4027-4F01-8E9D-26C07A3C2BBF} = {931DA907-804B-4C01-A04C-A499DF4C7247}
		{7AFE6CF0-AA3F-461A-9F74-4ED81CCD2833} = {931DA907-804B-4C01-A04C-A499DF4C7247}
		{5355895C-E0BB-4379-9583-B7BCDE943CC7} = {85F021C7-DF46-484F-9226-54FAA8DEB0F0}
		{33932714-CB4A-4497-B14F-DB87092B2CB0} = {B2FE9765-9998-4724-85F0-7D03CB5A7A26}
		{DABF8E04-844F-4AF8-98FD-2C20F47D07FD} = {931DA907-804B-4C01-A04C-A499DF4C7247}
		{9EB893BD-1326-4697-AAD5-0B56EFA96758} = {5E8BFC4F-669E-490F-B565-A44382A8E376}
		{729AA6B0-C050-4347-B699-3EBFFE87BB62} = {4732DA02-F1A7-46E2-A478-2B4511025B7E}
		{A8AC9BAA-2183-41A6-986C-E6E52E2DAC09} = {931DA907-804B-4C01-A04C-A499DF4C7247}
		{C3AC2210-8460-409C-A9C4-00C82A45524B} = {85F021C7-DF46-484F-9226-54FAA8DEB0F0}
		{FBA7727A-5786-4E2B-9D41-912C33571834} = {931DA907-804B-4C01-A04C-A499DF4C7247}
		{59CE34C8-9CC7-4C2D-A3C9-D1D36A4483EF} = {4732DA02-F1A7-46E2-A478-2B4511025B7E}
		{7F93FBB3-853D-4737-B75F-BB8EBF3AEDA4} = {5E8BFC4F-669E-490F-B565-A44382A8E376}
		{E580A34A-4AE1-4877-BEE4-B92BA6542B93} = {85F021C7-DF46-484F-9226-54FAA8DEB0F0}
		{C42C063F-1891-4F62-B6D5-8DDFDA3F0D2F} = {5E8BFC4F-669E-490F-B565-A44382A8E376}
	EndGlobalSection
	GlobalSection(ExtensibilityGlobals) = postSolution
		SolutionGuid = {CCB28C0E-19F2-4A9F-BD68-EACAC2496CD2}
	EndGlobalSection
EndGlobal
