
Microsoft Visual Studio Solution File, Format Version 12.00
# Visual Studio Version 17
VisualStudioVersion = 17.8.34408.163
MinimumVisualStudioVersion = 10.0.40219.1
Project("{9A19103F-16F7-4668-BE54-9A1E7A4F7556}") = "CloudMining.Application", "src\CloudMining.Application\CloudMining.Application.csproj", "{A7C3189C-6736-4BAE-961E-5FEAF1877FDD}"
EndProject
Project("{9A19103F-16F7-4668-BE54-9A1E7A4F7556}") = "CloudMining.Domain", "src\CloudMining.Domain\CloudMining.Domain.csproj", "{83208C98-E393-4A22-B30E-C56A9F7E1948}"
EndProject
Project("{9A19103F-16F7-4668-BE54-9A1E7A4F7556}") = "CloudMining.Infrastructure", "src\CloudMining.Infrastructure\CloudMining.Infrastructure.csproj", "{1F6A2AEF-D628-44DA-8659-D8F1817A41A4}"
EndProject
Project("{9A19103F-16F7-4668-BE54-9A1E7A4F7556}") = "CloudMining.Api", "src\CloudMining.Api\CloudMining.Api.csproj", "{3842C04B-59B0-465F-AC1E-3DD0DE0CDCDA}"
EndProject
Project("{FAE04EC0-301F-11D3-BF4B-00C04F79EFBC}") = "CloudMining.Interfaces", "src\CloudMining.Interfaces\CloudMining.Interfaces.csproj", "{52E00A7A-AA1C-4E71-B1D0-588D1F21901C}"
EndProject
Project("{2150E333-8FDC-42A3-9474-1A3956D46DE8}") = "Solution Items", "Solution Items", "{71D08691-9193-483C-9BA3-E93679AA095E}"
	ProjectSection(SolutionItems) = preProject
		docker-compose.yml = docker-compose.yml
	EndProjectSection
EndProject
Project("{2150E333-8FDC-42A3-9474-1A3956D46DE8}") = "nginx", "nginx", "{8B379617-6CEC-4133-B9F0-BE8DCE0C6502}"
	ProjectSection(SolutionItems) = preProject
		nginx\default.conf = nginx\default.conf
	EndProjectSection
EndProject
Global
	GlobalSection(SolutionConfigurationPlatforms) = preSolution
		Debug|Any CPU = Debug|Any CPU
		Release|Any CPU = Release|Any CPU
	EndGlobalSection
	GlobalSection(ProjectConfigurationPlatforms) = postSolution
		{A7C3189C-6736-4BAE-961E-5FEAF1877FDD}.Debug|Any CPU.ActiveCfg = Debug|Any CPU
		{A7C3189C-6736-4BAE-961E-5FEAF1877FDD}.Debug|Any CPU.Build.0 = Debug|Any CPU
		{A7C3189C-6736-4BAE-961E-5FEAF1877FDD}.Release|Any CPU.ActiveCfg = Release|Any CPU
		{A7C3189C-6736-4BAE-961E-5FEAF1877FDD}.Release|Any CPU.Build.0 = Release|Any CPU
		{83208C98-E393-4A22-B30E-C56A9F7E1948}.Debug|Any CPU.ActiveCfg = Debug|Any CPU
		{83208C98-E393-4A22-B30E-C56A9F7E1948}.Debug|Any CPU.Build.0 = Debug|Any CPU
		{83208C98-E393-4A22-B30E-C56A9F7E1948}.Release|Any CPU.ActiveCfg = Release|Any CPU
		{83208C98-E393-4A22-B30E-C56A9F7E1948}.Release|Any CPU.Build.0 = Release|Any CPU
		{1F6A2AEF-D628-44DA-8659-D8F1817A41A4}.Debug|Any CPU.ActiveCfg = Debug|Any CPU
		{1F6A2AEF-D628-44DA-8659-D8F1817A41A4}.Debug|Any CPU.Build.0 = Debug|Any CPU
		{1F6A2AEF-D628-44DA-8659-D8F1817A41A4}.Release|Any CPU.ActiveCfg = Release|Any CPU
		{1F6A2AEF-D628-44DA-8659-D8F1817A41A4}.Release|Any CPU.Build.0 = Release|Any CPU
		{3842C04B-59B0-465F-AC1E-3DD0DE0CDCDA}.Debug|Any CPU.ActiveCfg = Debug|Any CPU
		{3842C04B-59B0-465F-AC1E-3DD0DE0CDCDA}.Debug|Any CPU.Build.0 = Debug|Any CPU
		{3842C04B-59B0-465F-AC1E-3DD0DE0CDCDA}.Release|Any CPU.ActiveCfg = Release|Any CPU
		{3842C04B-59B0-465F-AC1E-3DD0DE0CDCDA}.Release|Any CPU.Build.0 = Release|Any CPU
		{52E00A7A-AA1C-4E71-B1D0-588D1F21901C}.Debug|Any CPU.ActiveCfg = Debug|Any CPU
		{52E00A7A-AA1C-4E71-B1D0-588D1F21901C}.Debug|Any CPU.Build.0 = Debug|Any CPU
		{52E00A7A-AA1C-4E71-B1D0-588D1F21901C}.Release|Any CPU.ActiveCfg = Release|Any CPU
		{52E00A7A-AA1C-4E71-B1D0-588D1F21901C}.Release|Any CPU.Build.0 = Release|Any CPU
	EndGlobalSection
	GlobalSection(SolutionProperties) = preSolution
		HideSolutionNode = FALSE
	EndGlobalSection
	GlobalSection(NestedProjects) = preSolution
		{8B379617-6CEC-4133-B9F0-BE8DCE0C6502} = {71D08691-9193-483C-9BA3-E93679AA095E}
	EndGlobalSection
	GlobalSection(ExtensibilityGlobals) = postSolution
		SolutionGuid = {CCB28C0E-19F2-4A9F-BD68-EACAC2496CD2}
	EndGlobalSection
EndGlobal
